
Microsoft Visual Studio Solution File, Format Version 11.00
# Visual Studio 2010
Project("{FAE04EC0-301F-11D3-BF4B-00C04F79EFBC}") = "Intermech.ImpExp.Adapter.Oracle", "Intermech.ImpExp.Adapter.Oracle.csproj", "{8422FF4A-03B5-4786-A3EA-6C8EE27AB3B5}"
EndProject
Global
	GlobalSection(SolutionConfigurationPlatforms) = preSolution
		Debug|Any CPU = Debug|Any CPU
		Release|Any CPU = Release|Any CPU
	EndGlobalSection
	GlobalSection(ProjectConfigurationPlatforms) = postSolution
		{8422FF4A-03B5-4786-A3EA-6C8EE27AB3B5}.Debug|Any CPU.ActiveCfg = Debug|Any CPU
		{8422FF4A-03B5-4786-A3EA-6C8EE27AB3B5}.Debug|Any CPU.Build.0 = Debug|Any CPU
		{8422FF4A-03B5-4786-A3EA-6C8EE27AB3B5}.Release|Any CPU.ActiveCfg = Release|Any CPU
		{8422FF4A-03B5-4786-A3EA-6C8EE27AB3B5}.Release|Any CPU.Build.0 = Release|Any CPU
	EndGlobalSection
	GlobalSection(SolutionProperties) = preSolution
		HideSolutionNode = FALSE
	EndGlobalSection
EndGlobal
