
Microsoft Visual Studio Solution File, Format Version 11.00
# Visual Studio 2010
Project("{FAE04EC0-301F-11D3-BF4B-00C04F79EFBC}") = "Intermech.MG.Integrator", "Intermech.MG.Integrator.csproj", "{15A17230-483B-4845-A9A6-351F5DF5FB84}"
EndProject
Global
	GlobalSection(SolutionConfigurationPlatforms) = preSolution
		Debug|Any CPU = Debug|Any CPU
		Release|Any CPU = Release|Any CPU
	EndGlobalSection
	GlobalSection(ProjectConfigurationPlatforms) = postSolution
		{15A17230-483B-4845-A9A6-351F5DF5FB84}.Debug|Any CPU.ActiveCfg = Debug|Any CPU
		{15A17230-483B-4845-A9A6-351F5DF5FB84}.Debug|Any CPU.Build.0 = Debug|Any CPU
		{15A17230-483B-4845-A9A6-351F5DF5FB84}.Release|Any CPU.ActiveCfg = Release|Any CPU
		{15A17230-483B-4845-A9A6-351F5DF5FB84}.Release|Any CPU.Build.0 = Release|Any CPU
	EndGlobalSection
	GlobalSection(SolutionProperties) = preSolution
		HideSolutionNode = FALSE
	EndGlobalSection
EndGlobal
