
Microsoft Visual Studio Solution File, Format Version 11.00
# Visual Studio 2010
Project("{FAE04EC0-301F-11D3-BF4B-00C04F79EFBC}") = "Intermech.ImpExp.Imbase", "Intermech.ImpExp.Imbase.csproj", "{711FFC60-01F6-4CA1-8FE6-3CD98AA9030E}"
EndProject
Global
	GlobalSection(SolutionConfigurationPlatforms) = preSolution
		Debug|Any CPU = Debug|Any CPU
		Release|Any CPU = Release|Any CPU
	EndGlobalSection
	GlobalSection(ProjectConfigurationPlatforms) = postSolution
		{711FFC60-01F6-4CA1-8FE6-3CD98AA9030E}.Debug|Any CPU.ActiveCfg = Debug|Any CPU
		{711FFC60-01F6-4CA1-8FE6-3CD98AA9030E}.Debug|Any CPU.Build.0 = Debug|Any CPU
		{711FFC60-01F6-4CA1-8FE6-3CD98AA9030E}.Release|Any CPU.ActiveCfg = Release|Any CPU
		{711FFC60-01F6-4CA1-8FE6-3CD98AA9030E}.Release|Any CPU.Build.0 = Release|Any CPU
	EndGlobalSection
	GlobalSection(SolutionProperties) = preSolution
		HideSolutionNode = FALSE
	EndGlobalSection
EndGlobal
