
Microsoft Visual Studio Solution File, Format Version 11.00
# Visual Studio 2010
Project("{FAE04EC0-301F-11D3-BF4B-00C04F79EFBC}") = "Intermech.SolidWorks.Integrator", "Intermech.SolidWorks.Integrator.csproj", "{5E8984EF-EB7E-4318-B324-03A0616AECE2}"
EndProject
Global
	GlobalSection(SolutionConfigurationPlatforms) = preSolution
		Debug|Any CPU = Debug|Any CPU
		Release|Any CPU = Release|Any CPU
	EndGlobalSection
	GlobalSection(ProjectConfigurationPlatforms) = postSolution
		{5E8984EF-EB7E-4318-B324-03A0616AECE2}.Debug|Any CPU.ActiveCfg = Debug|Any CPU
		{5E8984EF-EB7E-4318-B324-03A0616AECE2}.Debug|Any CPU.Build.0 = Debug|Any CPU
		{5E8984EF-EB7E-4318-B324-03A0616AECE2}.Release|Any CPU.ActiveCfg = Release|Any CPU
		{5E8984EF-EB7E-4318-B324-03A0616AECE2}.Release|Any CPU.Build.0 = Release|Any CPU
	EndGlobalSection
	GlobalSection(SolutionProperties) = preSolution
		HideSolutionNode = FALSE
	EndGlobalSection
EndGlobal
