
Microsoft Visual Studio Solution File, Format Version 11.00
# Visual Studio 2010
Project("{FAE04EC0-301F-11D3-BF4B-00C04F79EFBC}") = "Intermech.Inventor.Integrator", "Intermech.Inventor.Integrator.csproj", "{5062E3F1-047B-468A-BFBB-8EC927CE70CF}"
EndProject
Global
	GlobalSection(SolutionConfigurationPlatforms) = preSolution
		Debug|Any CPU = Debug|Any CPU
		Release|Any CPU = Release|Any CPU
	EndGlobalSection
	GlobalSection(ProjectConfigurationPlatforms) = postSolution
		{5062E3F1-047B-468A-BFBB-8EC927CE70CF}.Debug|Any CPU.ActiveCfg = Debug|Any CPU
		{5062E3F1-047B-468A-BFBB-8EC927CE70CF}.Debug|Any CPU.Build.0 = Debug|Any CPU
		{5062E3F1-047B-468A-BFBB-8EC927CE70CF}.Release|Any CPU.ActiveCfg = Release|Any CPU
		{5062E3F1-047B-468A-BFBB-8EC927CE70CF}.Release|Any CPU.Build.0 = Release|Any CPU
	EndGlobalSection
	GlobalSection(SolutionProperties) = preSolution
		HideSolutionNode = FALSE
	EndGlobalSection
EndGlobal
