
Microsoft Visual Studio Solution File, Format Version 11.00
# Visual Studio 2010
Project("{FAE04EC0-301F-11D3-BF4B-00C04F79EFBC}") = "Intermech.ProEngineer.Integrator", "Intermech.ProEngineer.Integrator.csproj", "{629340DF-FDA1-4CCE-BBD5-563C368BA55D}"
EndProject
Global
	GlobalSection(SolutionConfigurationPlatforms) = preSolution
		Debug|Any CPU = Debug|Any CPU
		Release|Any CPU = Release|Any CPU
	EndGlobalSection
	GlobalSection(ProjectConfigurationPlatforms) = postSolution
		{629340DF-FDA1-4CCE-BBD5-563C368BA55D}.Debug|Any CPU.ActiveCfg = Debug|Any CPU
		{629340DF-FDA1-4CCE-BBD5-563C368BA55D}.Debug|Any CPU.Build.0 = Debug|Any CPU
		{629340DF-FDA1-4CCE-BBD5-563C368BA55D}.Release|Any CPU.ActiveCfg = Release|Any CPU
		{629340DF-FDA1-4CCE-BBD5-563C368BA55D}.Release|Any CPU.Build.0 = Release|Any CPU
	EndGlobalSection
	GlobalSection(SolutionProperties) = preSolution
		HideSolutionNode = FALSE
	EndGlobalSection
EndGlobal
