
Microsoft Visual Studio Solution File, Format Version 11.00
# Visual Studio 2010
Project("{FAE04EC0-301F-11D3-BF4B-00C04F79EFBC}") = "Intermech.Optimizer", "Intermech.Optimizer.csproj", "{3A20A041-AA30-4CDF-9CA7-44FE1B3A2BAC}"
EndProject
Global
	GlobalSection(SolutionConfigurationPlatforms) = preSolution
		Debug|Any CPU = Debug|Any CPU
		Release|Any CPU = Release|Any CPU
	EndGlobalSection
	GlobalSection(ProjectConfigurationPlatforms) = postSolution
		{3A20A041-AA30-4CDF-9CA7-44FE1B3A2BAC}.Debug|Any CPU.ActiveCfg = Debug|Any CPU
		{3A20A041-AA30-4CDF-9CA7-44FE1B3A2BAC}.Debug|Any CPU.Build.0 = Debug|Any CPU
		{3A20A041-AA30-4CDF-9CA7-44FE1B3A2BAC}.Release|Any CPU.ActiveCfg = Release|Any CPU
		{3A20A041-AA30-4CDF-9CA7-44FE1B3A2BAC}.Release|Any CPU.Build.0 = Release|Any CPU
	EndGlobalSection
	GlobalSection(SolutionProperties) = preSolution
		HideSolutionNode = FALSE
	EndGlobalSection
EndGlobal
