
Microsoft Visual Studio Solution File, Format Version 11.00
# Visual Studio 2010
Project("{FAE04EC0-301F-11D3-BF4B-00C04F79EFBC}") = "Intermech.ImpExp.Adapter.MsSQL", "Intermech.ImpExp.Adapter.MsSQL.csproj", "{8D9577DA-9DC4-4D2D-9D87-5B80206E63E4}"
EndProject
Global
	GlobalSection(SolutionConfigurationPlatforms) = preSolution
		Debug|Any CPU = Debug|Any CPU
		Release|Any CPU = Release|Any CPU
	EndGlobalSection
	GlobalSection(ProjectConfigurationPlatforms) = postSolution
		{8D9577DA-9DC4-4D2D-9D87-5B80206E63E4}.Debug|Any CPU.ActiveCfg = Debug|Any CPU
		{8D9577DA-9DC4-4D2D-9D87-5B80206E63E4}.Debug|Any CPU.Build.0 = Debug|Any CPU
		{8D9577DA-9DC4-4D2D-9D87-5B80206E63E4}.Release|Any CPU.ActiveCfg = Release|Any CPU
		{8D9577DA-9DC4-4D2D-9D87-5B80206E63E4}.Release|Any CPU.Build.0 = Release|Any CPU
	EndGlobalSection
	GlobalSection(SolutionProperties) = preSolution
		HideSolutionNode = FALSE
	EndGlobalSection
EndGlobal
